// !$*UTF8*$!
{
	archiveVersion = 1;
	classes = {
	};
	objectVersion = 51;
	objects = {

/* Begin PBXBuildFile section */
		12E0C62AD548F363DFC38BA3 /* Pods_goarena_poc.framework in Frameworks */ = {isa = PBXBuildFile; fileRef = 88AB238400AA55CB0A638369 /* Pods_goarena_poc.framework */; };
		E46D0EF525C70AF600B8F93E /* ChartMarker.swift in Sources */ = {isa = PBXBuildFile; fileRef = E46D0EF425C70AF600B8F93E /* ChartMarker.swift */; };
		E46D0EF925C7345300B8F93E /* PickerViewPresenter.swift in Sources */ = {isa = PBXBuildFile; fileRef = E46D0EF825C7345300B8F93E /* PickerViewPresenter.swift */; };
		E46D0EFE25C74B4400B8F93E /* ReportCell.swift in Sources */ = {isa = PBXBuildFile; fileRef = E46D0EFD25C74B4400B8F93E /* ReportCell.swift */; };
		E46D0F0525C758EC00B8F93E /* FilterVC.swift in Sources */ = {isa = PBXBuildFile; fileRef = E46D0F0425C758EC00B8F93E /* FilterVC.swift */; };
		E46D0F0825C7590600B8F93E /* FilterViewModel.swift in Sources */ = {isa = PBXBuildFile; fileRef = E46D0F0725C7590600B8F93E /* FilterViewModel.swift */; };
		E48DAE2625C4A70600E1EA51 /* NewFeedVC.swift in Sources */ = {isa = PBXBuildFile; fileRef = E48DAE2525C4A70600E1EA51 /* NewFeedVC.swift */; };
		E48DAE2C25C4A78F00E1EA51 /* NewFeedAPI.swift in Sources */ = {isa = PBXBuildFile; fileRef = E48DAE2B25C4A78F00E1EA51 /* NewFeedAPI.swift */; };
		E48DAE2F25C4AD8600E1EA51 /* NewFeedViewModel.swift in Sources */ = {isa = PBXBuildFile; fileRef = E48DAE2E25C4AD8600E1EA51 /* NewFeedViewModel.swift */; };
		E48DAE3225C4ADF500E1EA51 /* UploadResponse.swift in Sources */ = {isa = PBXBuildFile; fileRef = E48DAE3125C4ADF500E1EA51 /* UploadResponse.swift */; };
		E48DAEBF25C4E11900E1EA51 /* IQTextView.swift in Sources */ = {isa = PBXBuildFile; fileRef = E48DAEA425C4E11900E1EA51 /* IQTextView.swift */; };
		E48DAEC025C4E11900E1EA51 /* IQKeyboardManager+Internal.swift in Sources */ = {isa = PBXBuildFile; fileRef = E48DAEA525C4E11900E1EA51 /* IQKeyboardManager+Internal.swift */; };
		E48DAEC125C4E11900E1EA51 /* IQPreviousNextView.swift in Sources */ = {isa = PBXBuildFile; fileRef = E48DAEA725C4E11900E1EA51 /* IQPreviousNextView.swift */; };
		E48DAEC225C4E11900E1EA51 /* IQTitleBarButtonItem.swift in Sources */ = {isa = PBXBuildFile; fileRef = E48DAEA825C4E11900E1EA51 /* IQTitleBarButtonItem.swift */; };
		E48DAEC325C4E11900E1EA51 /* IQBarButtonItem.swift in Sources */ = {isa = PBXBuildFile; fileRef = E48DAEA925C4E11900E1EA51 /* IQBarButtonItem.swift */; };
		E48DAEC425C4E11900E1EA51 /* IQToolbar.swift in Sources */ = {isa = PBXBuildFile; fileRef = E48DAEAA25C4E11900E1EA51 /* IQToolbar.swift */; };
		E48DAEC525C4E11900E1EA51 /* IQUIView+IQKeyboardToolbar.swift in Sources */ = {isa = PBXBuildFile; fileRef = E48DAEAB25C4E11900E1EA51 /* IQUIView+IQKeyboardToolbar.swift */; };
		E48DAEC625C4E11900E1EA51 /* IQInvocation.swift in Sources */ = {isa = PBXBuildFile; fileRef = E48DAEAC25C4E11900E1EA51 /* IQInvocation.swift */; };
		E48DAEC725C4E11900E1EA51 /* IQKeyboardManager+UIKeyboardNotification.swift in Sources */ = {isa = PBXBuildFile; fileRef = E48DAEAD25C4E11900E1EA51 /* IQKeyboardManager+UIKeyboardNotification.swift */; };
		E48DAEC825C4E11900E1EA51 /* IQKeyboardManagerConstantsInternal.swift in Sources */ = {isa = PBXBuildFile; fileRef = E48DAEAF25C4E11900E1EA51 /* IQKeyboardManagerConstantsInternal.swift */; };
		E48DAEC925C4E11900E1EA51 /* IQKeyboardManagerConstants.swift in Sources */ = {isa = PBXBuildFile; fileRef = E48DAEB025C4E11900E1EA51 /* IQKeyboardManagerConstants.swift */; };
		E48DAECA25C4E11900E1EA51 /* IQKeyboardManager+Position.swift in Sources */ = {isa = PBXBuildFile; fileRef = E48DAEB125C4E11900E1EA51 /* IQKeyboardManager+Position.swift */; };
		E48DAECB25C4E11900E1EA51 /* IQKeyboardReturnKeyHandler.swift in Sources */ = {isa = PBXBuildFile; fileRef = E48DAEB225C4E11900E1EA51 /* IQKeyboardReturnKeyHandler.swift */; };
		E48DAECC25C4E11900E1EA51 /* IQKeyboardManager.swift in Sources */ = {isa = PBXBuildFile; fileRef = E48DAEB325C4E11900E1EA51 /* IQKeyboardManager.swift */; };
		E48DAECD25C4E11900E1EA51 /* IQKeyboardManager+Debug.swift in Sources */ = {isa = PBXBuildFile; fileRef = E48DAEB425C4E11900E1EA51 /* IQKeyboardManager+Debug.swift */; };
		E48DAECE25C4E11900E1EA51 /* IQKeyboardManager+OrientationNotification.swift in Sources */ = {isa = PBXBuildFile; fileRef = E48DAEB525C4E11900E1EA51 /* IQKeyboardManager+OrientationNotification.swift */; };
		E48DAECF25C4E11900E1EA51 /* IQKeyboardManager+Toolbar.swift in Sources */ = {isa = PBXBuildFile; fileRef = E48DAEB625C4E11900E1EA51 /* IQKeyboardManager+Toolbar.swift */; };
		E48DAED025C4E11900E1EA51 /* IQUIScrollView+Additions.swift in Sources */ = {isa = PBXBuildFile; fileRef = E48DAEB925C4E11900E1EA51 /* IQUIScrollView+Additions.swift */; };
		E48DAED125C4E11900E1EA51 /* IQUIViewController+Additions.swift in Sources */ = {isa = PBXBuildFile; fileRef = E48DAEBA25C4E11900E1EA51 /* IQUIViewController+Additions.swift */; };
		E48DAED225C4E11900E1EA51 /* IQUITextFieldView+Additions.swift in Sources */ = {isa = PBXBuildFile; fileRef = E48DAEBB25C4E11900E1EA51 /* IQUITextFieldView+Additions.swift */; };
		E48DAED325C4E11900E1EA51 /* IQUIView+Hierarchy.swift in Sources */ = {isa = PBXBuildFile; fileRef = E48DAEBC25C4E11900E1EA51 /* IQUIView+Hierarchy.swift */; };
		E48DAED425C4E11900E1EA51 /* IQNSArray+Sort.swift in Sources */ = {isa = PBXBuildFile; fileRef = E48DAEBD25C4E11900E1EA51 /* IQNSArray+Sort.swift */; };
		E48DAED525C4E11900E1EA51 /* IQKeyboardManager+UITextFieldViewNotification.swift in Sources */ = {isa = PBXBuildFile; fileRef = E48DAEBE25C4E11900E1EA51 /* IQKeyboardManager+UITextFieldViewNotification.swift */; };
		E493EBA225C5CCA60014173F /* Summary.swift in Sources */ = {isa = PBXBuildFile; fileRef = E493EBA125C5CCA60014173F /* Summary.swift */; };
		E493EBA825C5D19A0014173F /* StaticsVC.swift in Sources */ = {isa = PBXBuildFile; fileRef = E493EBA725C5D19A0014173F /* StaticsVC.swift */; };
		E493EBAB25C5D1B70014173F /* StaticsViewModel.swift in Sources */ = {isa = PBXBuildFile; fileRef = E493EBAA25C5D1B70014173F /* StaticsViewModel.swift */; };
		E493EBAE25C5D24A0014173F /* StaticAPI.swift in Sources */ = {isa = PBXBuildFile; fileRef = E493EBAD25C5D24A0014173F /* StaticAPI.swift */; };
		E493EC0625C60FC20014173F /* LoginVC.swift in Sources */ = {isa = PBXBuildFile; fileRef = E493EC0525C60FC20014173F /* LoginVC.swift */; };
		E493EC0925C60FE00014173F /* LoginViewModel.swift in Sources */ = {isa = PBXBuildFile; fileRef = E493EC0825C60FE00014173F /* LoginViewModel.swift */; };
		E493EC0C25C610060014173F /* LoginAPI.swift in Sources */ = {isa = PBXBuildFile; fileRef = E493EC0B25C610060014173F /* LoginAPI.swift */; };
		E493EC1125C612790014173F /* LoginResponse.swift in Sources */ = {isa = PBXBuildFile; fileRef = E493EC1025C612790014173F /* LoginResponse.swift */; };
		E493EC1425C6173C0014173F /* TokenManager.swift in Sources */ = {isa = PBXBuildFile; fileRef = E493EC1325C6173C0014173F /* TokenManager.swift */; };
		E4979C3425C35419002B4E9C /* HomeDetailVC.swift in Sources */ = {isa = PBXBuildFile; fileRef = E4979C3325C35419002B4E9C /* HomeDetailVC.swift */; };
		E4979C3A25C35532002B4E9C /* BaseViewController.swift in Sources */ = {isa = PBXBuildFile; fileRef = E4979C3725C35532002B4E9C /* BaseViewController.swift */; };
		E4979C3B25C35532002B4E9C /* BaseNavigationController.swift in Sources */ = {isa = PBXBuildFile; fileRef = E4979C3825C35532002B4E9C /* BaseNavigationController.swift */; };
		E4979C3C25C35532002B4E9C /* BaseBuilder.swift in Sources */ = {isa = PBXBuildFile; fileRef = E4979C3925C35532002B4E9C /* BaseBuilder.swift */; };
		E4979C4525C35854002B4E9C /* SwiftEventBus.swift in Sources */ = {isa = PBXBuildFile; fileRef = E4979C4425C35854002B4E9C /* SwiftEventBus.swift */; };
		E4979C5125C35F4C002B4E9C /* HomeViewModel.swift in Sources */ = {isa = PBXBuildFile; fileRef = E4979C5025C35F4C002B4E9C /* HomeViewModel.swift */; };
		E4979C5D25C35F78002B4E9C /* BaseVC.swift in Sources */ = {isa = PBXBuildFile; fileRef = E4979C5B25C35F78002B4E9C /* BaseVC.swift */; };
		E4979C5E25C35F78002B4E9C /* BaseViewModel.swift in Sources */ = {isa = PBXBuildFile; fileRef = E4979C5C25C35F78002B4E9C /* BaseViewModel.swift */; };
		E4C6271625C1E0D0007EB745 /* AppDelegate.swift in Sources */ = {isa = PBXBuildFile; fileRef = E4C6271525C1E0D0007EB745 /* AppDelegate.swift */; };
		E4C6271D25C1E0D0007EB745 /* Main.storyboard in Resources */ = {isa = PBXBuildFile; fileRef = E4C6271B25C1E0D0007EB745 /* Main.storyboard */; };
		E4C6271F25C1E0D0007EB745 /* Assets.xcassets in Resources */ = {isa = PBXBuildFile; fileRef = E4C6271E25C1E0D0007EB745 /* Assets.xcassets */; };
		E4C6272225C1E0D0007EB745 /* LaunchScreen.storyboard in Resources */ = {isa = PBXBuildFile; fileRef = E4C6272025C1E0D0007EB745 /* LaunchScreen.storyboard */; };
		E4C6273225C1E492007EB745 /* WallResponse.swift in Sources */ = {isa = PBXBuildFile; fileRef = E4C6273125C1E492007EB745 /* WallResponse.swift */; };
		E4C6273D25C1E6D6007EB745 /* HomeVC.swift in Sources */ = {isa = PBXBuildFile; fileRef = E4C6273C25C1E6D6007EB745 /* HomeVC.swift */; };
		E4C6274425C1E7E6007EB745 /* WallAPI.swift in Sources */ = {isa = PBXBuildFile; fileRef = E4C6274325C1E7E6007EB745 /* WallAPI.swift */; };
		E4C6274725C1E81D007EB745 /* BaseAPI+API Model.swift in Sources */ = {isa = PBXBuildFile; fileRef = E4C6274625C1E81D007EB745 /* BaseAPI+API Model.swift */; };
		E4F8F88525C2E5B80062D14C /* FeedCell.swift in Sources */ = {isa = PBXBuildFile; fileRef = E4F8F88325C2E5B80062D14C /* FeedCell.swift */; };
		E4F8F88625C2E5B80062D14C /* FeedCell.xib in Resources */ = {isa = PBXBuildFile; fileRef = E4F8F88425C2E5B80062D14C /* FeedCell.xib */; };
		E4F8F88925C2F85A0062D14C /* Extensions.swift in Sources */ = {isa = PBXBuildFile; fileRef = E4F8F88825C2F85A0062D14C /* Extensions.swift */; };
/* End PBXBuildFile section */

/* Begin PBXFileReference section */
		1A9358625A4034997C4C97F0 /* Pods-goarena-poc.debug.xcconfig */ = {isa = PBXFileReference; includeInIndex = 1; lastKnownFileType = text.xcconfig; name = "Pods-goarena-poc.debug.xcconfig"; path = "Target Support Files/Pods-goarena-poc/Pods-goarena-poc.debug.xcconfig"; sourceTree = "<group>"; };
		498A150049AD19D0014F2552 /* Pods-goarena-poc.release.xcconfig */ = {isa = PBXFileReference; includeInIndex = 1; lastKnownFileType = text.xcconfig; name = "Pods-goarena-poc.release.xcconfig"; path = "Target Support Files/Pods-goarena-poc/Pods-goarena-poc.release.xcconfig"; sourceTree = "<group>"; };
		88AB238400AA55CB0A638369 /* Pods_goarena_poc.framework */ = {isa = PBXFileReference; explicitFileType = wrapper.framework; includeInIndex = 0; path = Pods_goarena_poc.framework; sourceTree = BUILT_PRODUCTS_DIR; };
		E46D0EF425C70AF600B8F93E /* ChartMarker.swift */ = {isa = PBXFileReference; lastKnownFileType = sourcecode.swift; path = ChartMarker.swift; sourceTree = "<group>"; };
		E46D0EF825C7345300B8F93E /* PickerViewPresenter.swift */ = {isa = PBXFileReference; lastKnownFileType = sourcecode.swift; path = PickerViewPresenter.swift; sourceTree = "<group>"; };
		E46D0EFD25C74B4400B8F93E /* ReportCell.swift */ = {isa = PBXFileReference; lastKnownFileType = sourcecode.swift; path = ReportCell.swift; sourceTree = "<group>"; };
		E46D0F0425C758EC00B8F93E /* FilterVC.swift */ = {isa = PBXFileReference; lastKnownFileType = sourcecode.swift; path = FilterVC.swift; sourceTree = "<group>"; };
		E46D0F0725C7590600B8F93E /* FilterViewModel.swift */ = {isa = PBXFileReference; lastKnownFileType = sourcecode.swift; path = FilterViewModel.swift; sourceTree = "<group>"; };
		E48DAE2525C4A70600E1EA51 /* NewFeedVC.swift */ = {isa = PBXFileReference; lastKnownFileType = sourcecode.swift; path = NewFeedVC.swift; sourceTree = "<group>"; };
		E48DAE2B25C4A78F00E1EA51 /* NewFeedAPI.swift */ = {isa = PBXFileReference; lastKnownFileType = sourcecode.swift; path = NewFeedAPI.swift; sourceTree = "<group>"; };
		E48DAE2E25C4AD8600E1EA51 /* NewFeedViewModel.swift */ = {isa = PBXFileReference; lastKnownFileType = sourcecode.swift; path = NewFeedViewModel.swift; sourceTree = "<group>"; };
		E48DAE3125C4ADF500E1EA51 /* UploadResponse.swift */ = {isa = PBXFileReference; lastKnownFileType = sourcecode.swift; path = UploadResponse.swift; sourceTree = "<group>"; };
		E48DAEA425C4E11900E1EA51 /* IQTextView.swift */ = {isa = PBXFileReference; fileEncoding = 4; lastKnownFileType = sourcecode.swift; path = IQTextView.swift; sourceTree = "<group>"; };
		E48DAEA525C4E11900E1EA51 /* IQKeyboardManager+Internal.swift */ = {isa = PBXFileReference; fileEncoding = 4; lastKnownFileType = sourcecode.swift; path = "IQKeyboardManager+Internal.swift"; sourceTree = "<group>"; };
		E48DAEA725C4E11900E1EA51 /* IQPreviousNextView.swift */ = {isa = PBXFileReference; fileEncoding = 4; lastKnownFileType = sourcecode.swift; path = IQPreviousNextView.swift; sourceTree = "<group>"; };
		E48DAEA825C4E11900E1EA51 /* IQTitleBarButtonItem.swift */ = {isa = PBXFileReference; fileEncoding = 4; lastKnownFileType = sourcecode.swift; path = IQTitleBarButtonItem.swift; sourceTree = "<group>"; };
		E48DAEA925C4E11900E1EA51 /* IQBarButtonItem.swift */ = {isa = PBXFileReference; fileEncoding = 4; lastKnownFileType = sourcecode.swift; path = IQBarButtonItem.swift; sourceTree = "<group>"; };
		E48DAEAA25C4E11900E1EA51 /* IQToolbar.swift */ = {isa = PBXFileReference; fileEncoding = 4; lastKnownFileType = sourcecode.swift; path = IQToolbar.swift; sourceTree = "<group>"; };
		E48DAEAB25C4E11900E1EA51 /* IQUIView+IQKeyboardToolbar.swift */ = {isa = PBXFileReference; fileEncoding = 4; lastKnownFileType = sourcecode.swift; path = "IQUIView+IQKeyboardToolbar.swift"; sourceTree = "<group>"; };
		E48DAEAC25C4E11900E1EA51 /* IQInvocation.swift */ = {isa = PBXFileReference; fileEncoding = 4; lastKnownFileType = sourcecode.swift; path = IQInvocation.swift; sourceTree = "<group>"; };
		E48DAEAD25C4E11900E1EA51 /* IQKeyboardManager+UIKeyboardNotification.swift */ = {isa = PBXFileReference; fileEncoding = 4; lastKnownFileType = sourcecode.swift; path = "IQKeyboardManager+UIKeyboardNotification.swift"; sourceTree = "<group>"; };
		E48DAEAF25C4E11900E1EA51 /* IQKeyboardManagerConstantsInternal.swift */ = {isa = PBXFileReference; fileEncoding = 4; lastKnownFileType = sourcecode.swift; path = IQKeyboardManagerConstantsInternal.swift; sourceTree = "<group>"; };
		E48DAEB025C4E11900E1EA51 /* IQKeyboardManagerConstants.swift */ = {isa = PBXFileReference; fileEncoding = 4; lastKnownFileType = sourcecode.swift; path = IQKeyboardManagerConstants.swift; sourceTree = "<group>"; };
		E48DAEB125C4E11900E1EA51 /* IQKeyboardManager+Position.swift */ = {isa = PBXFileReference; fileEncoding = 4; lastKnownFileType = sourcecode.swift; path = "IQKeyboardManager+Position.swift"; sourceTree = "<group>"; };
		E48DAEB225C4E11900E1EA51 /* IQKeyboardReturnKeyHandler.swift */ = {isa = PBXFileReference; fileEncoding = 4; lastKnownFileType = sourcecode.swift; path = IQKeyboardReturnKeyHandler.swift; sourceTree = "<group>"; };
		E48DAEB325C4E11900E1EA51 /* IQKeyboardManager.swift */ = {isa = PBXFileReference; fileEncoding = 4; lastKnownFileType = sourcecode.swift; path = IQKeyboardManager.swift; sourceTree = "<group>"; };
		E48DAEB425C4E11900E1EA51 /* IQKeyboardManager+Debug.swift */ = {isa = PBXFileReference; fileEncoding = 4; lastKnownFileType = sourcecode.swift; path = "IQKeyboardManager+Debug.swift"; sourceTree = "<group>"; };
		E48DAEB525C4E11900E1EA51 /* IQKeyboardManager+OrientationNotification.swift */ = {isa = PBXFileReference; fileEncoding = 4; lastKnownFileType = sourcecode.swift; path = "IQKeyboardManager+OrientationNotification.swift"; sourceTree = "<group>"; };
		E48DAEB625C4E11900E1EA51 /* IQKeyboardManager+Toolbar.swift */ = {isa = PBXFileReference; fileEncoding = 4; lastKnownFileType = sourcecode.swift; path = "IQKeyboardManager+Toolbar.swift"; sourceTree = "<group>"; };
		E48DAEB725C4E11900E1EA51 /* IQKeyboardManagerSwift.h */ = {isa = PBXFileReference; fileEncoding = 4; lastKnownFileType = sourcecode.c.h; path = IQKeyboardManagerSwift.h; sourceTree = "<group>"; };
		E48DAEB925C4E11900E1EA51 /* IQUIScrollView+Additions.swift */ = {isa = PBXFileReference; fileEncoding = 4; lastKnownFileType = sourcecode.swift; path = "IQUIScrollView+Additions.swift"; sourceTree = "<group>"; };
		E48DAEBA25C4E11900E1EA51 /* IQUIViewController+Additions.swift */ = {isa = PBXFileReference; fileEncoding = 4; lastKnownFileType = sourcecode.swift; path = "IQUIViewController+Additions.swift"; sourceTree = "<group>"; };
		E48DAEBB25C4E11900E1EA51 /* IQUITextFieldView+Additions.swift */ = {isa = PBXFileReference; fileEncoding = 4; lastKnownFileType = sourcecode.swift; path = "IQUITextFieldView+Additions.swift"; sourceTree = "<group>"; };
		E48DAEBC25C4E11900E1EA51 /* IQUIView+Hierarchy.swift */ = {isa = PBXFileReference; fileEncoding = 4; lastKnownFileType = sourcecode.swift; path = "IQUIView+Hierarchy.swift"; sourceTree = "<group>"; };
		E48DAEBD25C4E11900E1EA51 /* IQNSArray+Sort.swift */ = {isa = PBXFileReference; fileEncoding = 4; lastKnownFileType = sourcecode.swift; path = "IQNSArray+Sort.swift"; sourceTree = "<group>"; };
		E48DAEBE25C4E11900E1EA51 /* IQKeyboardManager+UITextFieldViewNotification.swift */ = {isa = PBXFileReference; fileEncoding = 4; lastKnownFileType = sourcecode.swift; path = "IQKeyboardManager+UITextFieldViewNotification.swift"; sourceTree = "<group>"; };
		E493EBA125C5CCA60014173F /* Summary.swift */ = {isa = PBXFileReference; lastKnownFileType = sourcecode.swift; path = Summary.swift; sourceTree = "<group>"; };
		E493EBA725C5D19A0014173F /* StaticsVC.swift */ = {isa = PBXFileReference; lastKnownFileType = sourcecode.swift; path = StaticsVC.swift; sourceTree = "<group>"; };
		E493EBAA25C5D1B70014173F /* StaticsViewModel.swift */ = {isa = PBXFileReference; lastKnownFileType = sourcecode.swift; path = StaticsViewModel.swift; sourceTree = "<group>"; };
		E493EBAD25C5D24A0014173F /* StaticAPI.swift */ = {isa = PBXFileReference; lastKnownFileType = sourcecode.swift; path = StaticAPI.swift; sourceTree = "<group>"; };
		E493EC0525C60FC20014173F /* LoginVC.swift */ = {isa = PBXFileReference; lastKnownFileType = sourcecode.swift; path = LoginVC.swift; sourceTree = "<group>"; };
		E493EC0825C60FE00014173F /* LoginViewModel.swift */ = {isa = PBXFileReference; lastKnownFileType = sourcecode.swift; path = LoginViewModel.swift; sourceTree = "<group>"; };
		E493EC0B25C610060014173F /* LoginAPI.swift */ = {isa = PBXFileReference; lastKnownFileType = sourcecode.swift; path = LoginAPI.swift; sourceTree = "<group>"; };
		E493EC1025C612790014173F /* LoginResponse.swift */ = {isa = PBXFileReference; lastKnownFileType = sourcecode.swift; path = LoginResponse.swift; sourceTree = "<group>"; };
		E493EC1325C6173C0014173F /* TokenManager.swift */ = {isa = PBXFileReference; lastKnownFileType = sourcecode.swift; path = TokenManager.swift; sourceTree = "<group>"; };
		E4979C3325C35419002B4E9C /* HomeDetailVC.swift */ = {isa = PBXFileReference; lastKnownFileType = sourcecode.swift; path = HomeDetailVC.swift; sourceTree = "<group>"; };
		E4979C3725C35532002B4E9C /* BaseViewController.swift */ = {isa = PBXFileReference; fileEncoding = 4; lastKnownFileType = sourcecode.swift; path = BaseViewController.swift; sourceTree = "<group>"; };
		E4979C3825C35532002B4E9C /* BaseNavigationController.swift */ = {isa = PBXFileReference; fileEncoding = 4; lastKnownFileType = sourcecode.swift; path = BaseNavigationController.swift; sourceTree = "<group>"; };
		E4979C3925C35532002B4E9C /* BaseBuilder.swift */ = {isa = PBXFileReference; fileEncoding = 4; lastKnownFileType = sourcecode.swift; path = BaseBuilder.swift; sourceTree = "<group>"; };
		E4979C4425C35854002B4E9C /* SwiftEventBus.swift */ = {isa = PBXFileReference; lastKnownFileType = sourcecode.swift; path = SwiftEventBus.swift; sourceTree = "<group>"; };
		E4979C5025C35F4C002B4E9C /* HomeViewModel.swift */ = {isa = PBXFileReference; fileEncoding = 4; lastKnownFileType = sourcecode.swift; path = HomeViewModel.swift; sourceTree = "<group>"; };
		E4979C5B25C35F78002B4E9C /* BaseVC.swift */ = {isa = PBXFileReference; fileEncoding = 4; lastKnownFileType = sourcecode.swift; path = BaseVC.swift; sourceTree = "<group>"; };
		E4979C5C25C35F78002B4E9C /* BaseViewModel.swift */ = {isa = PBXFileReference; fileEncoding = 4; lastKnownFileType = sourcecode.swift; path = BaseViewModel.swift; sourceTree = "<group>"; };
		E4C6271225C1E0D0007EB745 /* goarena-poc.app */ = {isa = PBXFileReference; explicitFileType = wrapper.application; includeInIndex = 0; path = "goarena-poc.app"; sourceTree = BUILT_PRODUCTS_DIR; };
		E4C6271525C1E0D0007EB745 /* AppDelegate.swift */ = {isa = PBXFileReference; lastKnownFileType = sourcecode.swift; path = AppDelegate.swift; sourceTree = "<group>"; };
		E4C6271C25C1E0D0007EB745 /* Base */ = {isa = PBXFileReference; lastKnownFileType = file.storyboard; name = Base; path = Base.lproj/Main.storyboard; sourceTree = "<group>"; };
		E4C6271E25C1E0D0007EB745 /* Assets.xcassets */ = {isa = PBXFileReference; lastKnownFileType = folder.assetcatalog; path = Assets.xcassets; sourceTree = "<group>"; };
		E4C6272125C1E0D0007EB745 /* Base */ = {isa = PBXFileReference; lastKnownFileType = file.storyboard; name = Base; path = Base.lproj/LaunchScreen.storyboard; sourceTree = "<group>"; };
		E4C6272325C1E0D0007EB745 /* Info.plist */ = {isa = PBXFileReference; lastKnownFileType = text.plist.xml; path = Info.plist; sourceTree = "<group>"; };
		E4C6273125C1E492007EB745 /* WallResponse.swift */ = {isa = PBXFileReference; lastKnownFileType = sourcecode.swift; path = WallResponse.swift; sourceTree = "<group>"; };
		E4C6273C25C1E6D6007EB745 /* HomeVC.swift */ = {isa = PBXFileReference; lastKnownFileType = sourcecode.swift; path = HomeVC.swift; sourceTree = "<group>"; };
		E4C6274325C1E7E6007EB745 /* WallAPI.swift */ = {isa = PBXFileReference; lastKnownFileType = sourcecode.swift; path = WallAPI.swift; sourceTree = "<group>"; };
		E4C6274625C1E81D007EB745 /* BaseAPI+API Model.swift */ = {isa = PBXFileReference; lastKnownFileType = sourcecode.swift; path = "BaseAPI+API Model.swift"; sourceTree = "<group>"; };
		E4F8F88325C2E5B80062D14C /* FeedCell.swift */ = {isa = PBXFileReference; lastKnownFileType = sourcecode.swift; path = FeedCell.swift; sourceTree = "<group>"; };
		E4F8F88425C2E5B80062D14C /* FeedCell.xib */ = {isa = PBXFileReference; lastKnownFileType = file.xib; path = FeedCell.xib; sourceTree = "<group>"; };
		E4F8F88825C2F85A0062D14C /* Extensions.swift */ = {isa = PBXFileReference; lastKnownFileType = sourcecode.swift; path = Extensions.swift; sourceTree = "<group>"; };
/* End PBXFileReference section */

/* Begin PBXFrameworksBuildPhase section */
		E4C6270F25C1E0D0007EB745 /* Frameworks */ = {
			isa = PBXFrameworksBuildPhase;
			buildActionMask = 2147483647;
			files = (
				12E0C62AD548F363DFC38BA3 /* Pods_goarena_poc.framework in Frameworks */,
			);
			runOnlyForDeploymentPostprocessing = 0;
		};
/* End PBXFrameworksBuildPhase section */

/* Begin PBXGroup section */
		50342D95882C3456BE09F82A /* Pods */ = {
			isa = PBXGroup;
			children = (
				1A9358625A4034997C4C97F0 /* Pods-goarena-poc.debug.xcconfig */,
				498A150049AD19D0014F2552 /* Pods-goarena-poc.release.xcconfig */,
			);
			path = Pods;
			sourceTree = "<group>";
		};
		887DBC5AD06F745482902C08 /* Frameworks */ = {
			isa = PBXGroup;
			children = (
				88AB238400AA55CB0A638369 /* Pods_goarena_poc.framework */,
			);
			name = Frameworks;
			sourceTree = "<group>";
		};
		E46D0F0025C7543000B8F93E /* CustomViews */ = {
			isa = PBXGroup;
			children = (
				E46D0EF425C70AF600B8F93E /* ChartMarker.swift */,
				E46D0EFD25C74B4400B8F93E /* ReportCell.swift */,
			);
			path = CustomViews;
			sourceTree = "<group>";
		};
		E46D0F0A25C7598200B8F93E /* Filter */ = {
			isa = PBXGroup;
			children = (
				E46D0F0425C758EC00B8F93E /* FilterVC.swift */,
				E46D0F0725C7590600B8F93E /* FilterViewModel.swift */,
			);
			path = Filter;
			sourceTree = "<group>";
		};
		E477871025C1F16900800F53 /* Network */ = {
			isa = PBXGroup;
			children = (
				E493EB9F25C5CC990014173F /* Models */,
				E4C6274625C1E81D007EB745 /* BaseAPI+API Model.swift */,
				E493EC1325C6173C0014173F /* TokenManager.swift */,
			);
			path = Network;
			sourceTree = "<group>";
		};
		E48DAE2925C4A77C00E1EA51 /* NewFeed */ = {
			isa = PBXGroup;
			children = (
				E48DAE2525C4A70600E1EA51 /* NewFeedVC.swift */,
				E48DAE2B25C4A78F00E1EA51 /* NewFeedAPI.swift */,
				E48DAE2E25C4AD8600E1EA51 /* NewFeedViewModel.swift */,
			);
			path = NewFeed;
			sourceTree = "<group>";
		};
		E48DAEA225C4E11900E1EA51 /* IQKeyboardManagerSwift */ = {
			isa = PBXGroup;
			children = (
				E48DAEA325C4E11900E1EA51 /* IQTextView */,
				E48DAEA525C4E11900E1EA51 /* IQKeyboardManager+Internal.swift */,
				E48DAEA625C4E11900E1EA51 /* IQToolbar */,
				E48DAEAD25C4E11900E1EA51 /* IQKeyboardManager+UIKeyboardNotification.swift */,
				E48DAEAE25C4E11900E1EA51 /* Constants */,
				E48DAEB125C4E11900E1EA51 /* IQKeyboardManager+Position.swift */,
				E48DAEB225C4E11900E1EA51 /* IQKeyboardReturnKeyHandler.swift */,
				E48DAEB325C4E11900E1EA51 /* IQKeyboardManager.swift */,
				E48DAEB425C4E11900E1EA51 /* IQKeyboardManager+Debug.swift */,
				E48DAEB525C4E11900E1EA51 /* IQKeyboardManager+OrientationNotification.swift */,
				E48DAEB625C4E11900E1EA51 /* IQKeyboardManager+Toolbar.swift */,
				E48DAEB725C4E11900E1EA51 /* IQKeyboardManagerSwift.h */,
				E48DAEB825C4E11900E1EA51 /* Categories */,
				E48DAEBE25C4E11900E1EA51 /* IQKeyboardManager+UITextFieldViewNotification.swift */,
			);
			path = IQKeyboardManagerSwift;
			sourceTree = "<group>";
		};
		E48DAEA325C4E11900E1EA51 /* IQTextView */ = {
			isa = PBXGroup;
			children = (
				E48DAEA425C4E11900E1EA51 /* IQTextView.swift */,
			);
			path = IQTextView;
			sourceTree = "<group>";
		};
		E48DAEA625C4E11900E1EA51 /* IQToolbar */ = {
			isa = PBXGroup;
			children = (
				E48DAEA725C4E11900E1EA51 /* IQPreviousNextView.swift */,
				E48DAEA825C4E11900E1EA51 /* IQTitleBarButtonItem.swift */,
				E48DAEA925C4E11900E1EA51 /* IQBarButtonItem.swift */,
				E48DAEAA25C4E11900E1EA51 /* IQToolbar.swift */,
				E48DAEAB25C4E11900E1EA51 /* IQUIView+IQKeyboardToolbar.swift */,
				E48DAEAC25C4E11900E1EA51 /* IQInvocation.swift */,
			);
			path = IQToolbar;
			sourceTree = "<group>";
		};
		E48DAEAE25C4E11900E1EA51 /* Constants */ = {
			isa = PBXGroup;
			children = (
				E48DAEAF25C4E11900E1EA51 /* IQKeyboardManagerConstantsInternal.swift */,
				E48DAEB025C4E11900E1EA51 /* IQKeyboardManagerConstants.swift */,
			);
			path = Constants;
			sourceTree = "<group>";
		};
		E48DAEB825C4E11900E1EA51 /* Categories */ = {
			isa = PBXGroup;
			children = (
				E48DAEB925C4E11900E1EA51 /* IQUIScrollView+Additions.swift */,
				E48DAEBA25C4E11900E1EA51 /* IQUIViewController+Additions.swift */,
				E48DAEBB25C4E11900E1EA51 /* IQUITextFieldView+Additions.swift */,
				E48DAEBC25C4E11900E1EA51 /* IQUIView+Hierarchy.swift */,
				E48DAEBD25C4E11900E1EA51 /* IQNSArray+Sort.swift */,
			);
			path = Categories;
			sourceTree = "<group>";
		};
		E493EB9F25C5CC990014173F /* Models */ = {
			isa = PBXGroup;
			children = (
				E4C6273125C1E492007EB745 /* WallResponse.swift */,
				E48DAE3125C4ADF500E1EA51 /* UploadResponse.swift */,
				E493EBA125C5CCA60014173F /* Summary.swift */,
				E493EC1025C612790014173F /* LoginResponse.swift */,
			);
			path = Models;
			sourceTree = "<group>";
		};
		E493EBB025C5D6090014173F /* Dashboard */ = {
			isa = PBXGroup;
			children = (
				E46D0F0025C7543000B8F93E /* CustomViews */,
				E493EBA725C5D19A0014173F /* StaticsVC.swift */,
				E493EBAA25C5D1B70014173F /* StaticsViewModel.swift */,
				E493EBAD25C5D24A0014173F /* StaticAPI.swift */,
				E46D0EF825C7345300B8F93E /* PickerViewPresenter.swift */,
			);
			path = Dashboard;
			sourceTree = "<group>";
		};
		E493EC0E25C610260014173F /* Login */ = {
			isa = PBXGroup;
			children = (
				E493EC0525C60FC20014173F /* LoginVC.swift */,
				E493EC0825C60FE00014173F /* LoginViewModel.swift */,
				E493EC0B25C610060014173F /* LoginAPI.swift */,
			);
			path = Login;
			sourceTree = "<group>";
		};
		E4979C2B25C34D0E002B4E9C /* Scenes */ = {
			isa = PBXGroup;
			children = (
				E4979C3625C35532002B4E9C /* Base */,
				E4979C2D25C34D1A002B4E9C /* Home */,
				E48DAE2925C4A77C00E1EA51 /* NewFeed */,
				E493EBB025C5D6090014173F /* Dashboard */,
				E493EC0E25C610260014173F /* Login */,
				E46D0F0A25C7598200B8F93E /* Filter */,
			);
			path = Scenes;
			sourceTree = "<group>";
		};
		E4979C2D25C34D1A002B4E9C /* Home */ = {
			isa = PBXGroup;
			children = (
				E4979C2F25C34D38002B4E9C /* CustomViews */,
				E4C6273C25C1E6D6007EB745 /* HomeVC.swift */,
				E4979C5025C35F4C002B4E9C /* HomeViewModel.swift */,
				E4979C3325C35419002B4E9C /* HomeDetailVC.swift */,
				E4C6274325C1E7E6007EB745 /* WallAPI.swift */,
			);
			path = Home;
			sourceTree = "<group>";
		};
		E4979C2F25C34D38002B4E9C /* CustomViews */ = {
			isa = PBXGroup;
			children = (
				E4F8F88325C2E5B80062D14C /* FeedCell.swift */,
				E4F8F88425C2E5B80062D14C /* FeedCell.xib */,
			);
			path = CustomViews;
			sourceTree = "<group>";
		};
		E4979C3125C34DF5002B4E9C /* Utils */ = {
			isa = PBXGroup;
			children = (
				E48DAEA225C4E11900E1EA51 /* IQKeyboardManagerSwift */,
				E4979C4425C35854002B4E9C /* SwiftEventBus.swift */,
				E4F8F88825C2F85A0062D14C /* Extensions.swift */,
			);
			path = Utils;
			sourceTree = "<group>";
		};
		E4979C3625C35532002B4E9C /* Base */ = {
			isa = PBXGroup;
			children = (
				E4979C5A25C35F78002B4E9C /* BaseVC */,
				E4979C3725C35532002B4E9C /* BaseViewController.swift */,
				E4979C3825C35532002B4E9C /* BaseNavigationController.swift */,
				E4979C3925C35532002B4E9C /* BaseBuilder.swift */,
			);
			path = Base;
			sourceTree = "<group>";
		};
		E4979C5A25C35F78002B4E9C /* BaseVC */ = {
			isa = PBXGroup;
			children = (
				E4979C5B25C35F78002B4E9C /* BaseVC.swift */,
				E4979C5C25C35F78002B4E9C /* BaseViewModel.swift */,
			);
			path = BaseVC;
			sourceTree = "<group>";
		};
		E4C6270925C1E0D0007EB745 = {
			isa = PBXGroup;
			children = (
				E4C6271425C1E0D0007EB745 /* goarena-poc */,
				E4C6271325C1E0D0007EB745 /* Products */,
				50342D95882C3456BE09F82A /* Pods */,
				887DBC5AD06F745482902C08 /* Frameworks */,
			);
			sourceTree = "<group>";
		};
		E4C6271325C1E0D0007EB745 /* Products */ = {
			isa = PBXGroup;
			children = (
				E4C6271225C1E0D0007EB745 /* goarena-poc.app */,
			);
			name = Products;
			sourceTree = "<group>";
		};
		E4C6271425C1E0D0007EB745 /* goarena-poc */ = {
			isa = PBXGroup;
			children = (
				E4C6271525C1E0D0007EB745 /* AppDelegate.swift */,
				E4C6271B25C1E0D0007EB745 /* Main.storyboard */,
				E4C6271E25C1E0D0007EB745 /* Assets.xcassets */,
				E4C6272025C1E0D0007EB745 /* LaunchScreen.storyboard */,
				E4C6272325C1E0D0007EB745 /* Info.plist */,
				E477871025C1F16900800F53 /* Network */,
				E4979C2B25C34D0E002B4E9C /* Scenes */,
				E4979C3125C34DF5002B4E9C /* Utils */,
			);
			path = "goarena-poc";
			sourceTree = "<group>";
		};
/* End PBXGroup section */

/* Begin PBXNativeTarget section */
		E4C6271125C1E0D0007EB745 /* goarena-poc */ = {
			isa = PBXNativeTarget;
			buildConfigurationList = E4C6272625C1E0D0007EB745 /* Build configuration list for PBXNativeTarget "goarena-poc" */;
			buildPhases = (
				BE62D24D24040059144FB0A8 /* [CP] Check Pods Manifest.lock */,
				E4C6270E25C1E0D0007EB745 /* Sources */,
				E4C6270F25C1E0D0007EB745 /* Frameworks */,
				E4C6271025C1E0D0007EB745 /* Resources */,
				0F8903BC65E75EDAC9F09012 /* [CP] Embed Pods Frameworks */,
			);
			buildRules = (
			);
			dependencies = (
			);
			name = "goarena-poc";
			productName = "goarena-poc";
			productReference = E4C6271225C1E0D0007EB745 /* goarena-poc.app */;
			productType = "com.apple.product-type.application";
		};
/* End PBXNativeTarget section */

/* Begin PBXProject section */
		E4C6270A25C1E0D0007EB745 /* Project object */ = {
			isa = PBXProject;
			attributes = {
				LastSwiftUpdateCheck = 1240;
				LastUpgradeCheck = 1240;
				TargetAttributes = {
					E4C6271125C1E0D0007EB745 = {
						CreatedOnToolsVersion = 12.4;
					};
				};
			};
			buildConfigurationList = E4C6270D25C1E0D0007EB745 /* Build configuration list for PBXProject "goarena-poc" */;
			compatibilityVersion = "Xcode 9.3";
			developmentRegion = en;
			hasScannedForEncodings = 0;
			knownRegions = (
				en,
				Base,
			);
			mainGroup = E4C6270925C1E0D0007EB745;
			productRefGroup = E4C6271325C1E0D0007EB745 /* Products */;
			projectDirPath = "";
			projectRoot = "";
			targets = (
				E4C6271125C1E0D0007EB745 /* goarena-poc */,
			);
		};
/* End PBXProject section */

/* Begin PBXResourcesBuildPhase section */
		E4C6271025C1E0D0007EB745 /* Resources */ = {
			isa = PBXResourcesBuildPhase;
			buildActionMask = 2147483647;
			files = (
				E4C6272225C1E0D0007EB745 /* LaunchScreen.storyboard in Resources */,
				E4C6271F25C1E0D0007EB745 /* Assets.xcassets in Resources */,
				E4C6271D25C1E0D0007EB745 /* Main.storyboard in Resources */,
				E4F8F88625C2E5B80062D14C /* FeedCell.xib in Resources */,
			);
			runOnlyForDeploymentPostprocessing = 0;
		};
/* End PBXResourcesBuildPhase section */

/* Begin PBXShellScriptBuildPhase section */
		0F8903BC65E75EDAC9F09012 /* [CP] Embed Pods Frameworks */ = {
			isa = PBXShellScriptBuildPhase;
			buildActionMask = 2147483647;
			files = (
			);
			inputFileListPaths = (
				"${PODS_ROOT}/Target Support Files/Pods-goarena-poc/Pods-goarena-poc-frameworks-${CONFIGURATION}-input-files.xcfilelist",
			);
			name = "[CP] Embed Pods Frameworks";
			outputFileListPaths = (
				"${PODS_ROOT}/Target Support Files/Pods-goarena-poc/Pods-goarena-poc-frameworks-${CONFIGURATION}-output-files.xcfilelist",
			);
			runOnlyForDeploymentPostprocessing = 0;
			shellPath = /bin/sh;
			shellScript = "\"${PODS_ROOT}/Target Support Files/Pods-goarena-poc/Pods-goarena-poc-frameworks.sh\"\n";
			showEnvVarsInLog = 0;
		};
		BE62D24D24040059144FB0A8 /* [CP] Check Pods Manifest.lock */ = {
			isa = PBXShellScriptBuildPhase;
			buildActionMask = 2147483647;
			files = (
			);
			inputFileListPaths = (
			);
			inputPaths = (
				"${PODS_PODFILE_DIR_PATH}/Podfile.lock",
				"${PODS_ROOT}/Manifest.lock",
			);
			name = "[CP] Check Pods Manifest.lock";
			outputFileListPaths = (
			);
			outputPaths = (
				"$(DERIVED_FILE_DIR)/Pods-goarena-poc-checkManifestLockResult.txt",
			);
			runOnlyForDeploymentPostprocessing = 0;
			shellPath = /bin/sh;
			shellScript = "diff \"${PODS_PODFILE_DIR_PATH}/Podfile.lock\" \"${PODS_ROOT}/Manifest.lock\" > /dev/null\nif [ $? != 0 ] ; then\n    # print error to STDERR\n    echo \"error: The sandbox is not in sync with the Podfile.lock. Run 'pod install' or update your CocoaPods installation.\" >&2\n    exit 1\nfi\n# This output is used by Xcode 'outputs' to avoid re-running this script phase.\necho \"SUCCESS\" > \"${SCRIPT_OUTPUT_FILE_0}\"\n";
			showEnvVarsInLog = 0;
		};
/* End PBXShellScriptBuildPhase section */

/* Begin PBXSourcesBuildPhase section */
		E4C6270E25C1E0D0007EB745 /* Sources */ = {
			isa = PBXSourcesBuildPhase;
			buildActionMask = 2147483647;
			files = (
				E4C6274425C1E7E6007EB745 /* WallAPI.swift in Sources */,
				E4979C5E25C35F78002B4E9C /* BaseViewModel.swift in Sources */,
				E493EC0C25C610060014173F /* LoginAPI.swift in Sources */,
				E48DAE3225C4ADF500E1EA51 /* UploadResponse.swift in Sources */,
				E4C6274725C1E81D007EB745 /* BaseAPI+API Model.swift in Sources */,
				E4979C3425C35419002B4E9C /* HomeDetailVC.swift in Sources */,
				E48DAEBF25C4E11900E1EA51 /* IQTextView.swift in Sources */,
				E48DAEC625C4E11900E1EA51 /* IQInvocation.swift in Sources */,
				E46D0EF525C70AF600B8F93E /* ChartMarker.swift in Sources */,
				E48DAEC825C4E11900E1EA51 /* IQKeyboardManagerConstantsInternal.swift in Sources */,
				E48DAED325C4E11900E1EA51 /* IQUIView+Hierarchy.swift in Sources */,
				E48DAECD25C4E11900E1EA51 /* IQKeyboardManager+Debug.swift in Sources */,
				E493EBA825C5D19A0014173F /* StaticsVC.swift in Sources */,
				E48DAEC125C4E11900E1EA51 /* IQPreviousNextView.swift in Sources */,
				E48DAECF25C4E11900E1EA51 /* IQKeyboardManager+Toolbar.swift in Sources */,
				E493EC1125C612790014173F /* LoginResponse.swift in Sources */,
				E4F8F88525C2E5B80062D14C /* FeedCell.swift in Sources */,
				E46D0EFE25C74B4400B8F93E /* ReportCell.swift in Sources */,
				E48DAED425C4E11900E1EA51 /* IQNSArray+Sort.swift in Sources */,
				E48DAED125C4E11900E1EA51 /* IQUIViewController+Additions.swift in Sources */,
				E46D0F0525C758EC00B8F93E /* FilterVC.swift in Sources */,
				E4979C4525C35854002B4E9C /* SwiftEventBus.swift in Sources */,
				E48DAE2625C4A70600E1EA51 /* NewFeedVC.swift in Sources */,
				E48DAEC225C4E11900E1EA51 /* IQTitleBarButtonItem.swift in Sources */,
				E4C6273225C1E492007EB745 /* WallResponse.swift in Sources */,
				E493EC0925C60FE00014173F /* LoginViewModel.swift in Sources */,
				E4979C3C25C35532002B4E9C /* BaseBuilder.swift in Sources */,
				E48DAEC425C4E11900E1EA51 /* IQToolbar.swift in Sources */,
				E4979C3A25C35532002B4E9C /* BaseViewController.swift in Sources */,
				E4F8F88925C2F85A0062D14C /* Extensions.swift in Sources */,
				E48DAECC25C4E11900E1EA51 /* IQKeyboardManager.swift in Sources */,
				E493EC1425C6173C0014173F /* TokenManager.swift in Sources */,
				E4C6273D25C1E6D6007EB745 /* HomeVC.swift in Sources */,
				E4979C5D25C35F78002B4E9C /* BaseVC.swift in Sources */,
				E48DAECA25C4E11900E1EA51 /* IQKeyboardManager+Position.swift in Sources */,
				E48DAEC525C4E11900E1EA51 /* IQUIView+IQKeyboardToolbar.swift in Sources */,
				E4979C3B25C35532002B4E9C /* BaseNavigationController.swift in Sources */,
				E48DAECE25C4E11900E1EA51 /* IQKeyboardManager+OrientationNotification.swift in Sources */,
				E48DAEC325C4E11900E1EA51 /* IQBarButtonItem.swift in Sources */,
				E48DAE2C25C4A78F00E1EA51 /* NewFeedAPI.swift in Sources */,
				E493EBAB25C5D1B70014173F /* StaticsViewModel.swift in Sources */,
				E46D0EF925C7345300B8F93E /* PickerViewPresenter.swift in Sources */,
				E46D0F0825C7590600B8F93E /* FilterViewModel.swift in Sources */,
				E4979C5125C35F4C002B4E9C /* HomeViewModel.swift in Sources */,
				E493EC0625C60FC20014173F /* LoginVC.swift in Sources */,
				E48DAECB25C4E11900E1EA51 /* IQKeyboardReturnKeyHandler.swift in Sources */,
				E48DAEC725C4E11900E1EA51 /* IQKeyboardManager+UIKeyboardNotification.swift in Sources */,
				E4C6271625C1E0D0007EB745 /* AppDelegate.swift in Sources */,
				E48DAED525C4E11900E1EA51 /* IQKeyboardManager+UITextFieldViewNotification.swift in Sources */,
				E48DAEC025C4E11900E1EA51 /* IQKeyboardManager+Internal.swift in Sources */,
				E48DAEC925C4E11900E1EA51 /* IQKeyboardManagerConstants.swift in Sources */,
				E493EBA225C5CCA60014173F /* Summary.swift in Sources */,
				E493EBAE25C5D24A0014173F /* StaticAPI.swift in Sources */,
				E48DAE2F25C4AD8600E1EA51 /* NewFeedViewModel.swift in Sources */,
				E48DAED025C4E11900E1EA51 /* IQUIScrollView+Additions.swift in Sources */,
				E48DAED225C4E11900E1EA51 /* IQUITextFieldView+Additions.swift in Sources */,
			);
			runOnlyForDeploymentPostprocessing = 0;
		};
/* End PBXSourcesBuildPhase section */

/* Begin PBXVariantGroup section */
		E4C6271B25C1E0D0007EB745 /* Main.storyboard */ = {
			isa = PBXVariantGroup;
			children = (
				E4C6271C25C1E0D0007EB745 /* Base */,
			);
			name = Main.storyboard;
			sourceTree = "<group>";
		};
		E4C6272025C1E0D0007EB745 /* LaunchScreen.storyboard */ = {
			isa = PBXVariantGroup;
			children = (
				E4C6272125C1E0D0007EB745 /* Base */,
			);
			name = LaunchScreen.storyboard;
			sourceTree = "<group>";
		};
/* End PBXVariantGroup section */

/* Begin XCBuildConfiguration section */
		E4C6272425C1E0D0007EB745 /* Debug */ = {
			isa = XCBuildConfiguration;
			buildSettings = {
				ALWAYS_SEARCH_USER_PATHS = NO;
				CLANG_ANALYZER_NONNULL = YES;
				CLANG_ANALYZER_NUMBER_OBJECT_CONVERSION = YES_AGGRESSIVE;
				CLANG_CXX_LANGUAGE_STANDARD = "gnu++14";
				CLANG_CXX_LIBRARY = "libc++";
				CLANG_ENABLE_MODULES = YES;
				CLANG_ENABLE_OBJC_ARC = YES;
				CLANG_ENABLE_OBJC_WEAK = YES;
				CLANG_WARN_BLOCK_CAPTURE_AUTORELEASING = YES;
				CLANG_WARN_BOOL_CONVERSION = YES;
				CLANG_WARN_COMMA = YES;
				CLANG_WARN_CONSTANT_CONVERSION = YES;
				CLANG_WARN_DEPRECATED_OBJC_IMPLEMENTATIONS = YES;
				CLANG_WARN_DIRECT_OBJC_ISA_USAGE = YES_ERROR;
				CLANG_WARN_DOCUMENTATION_COMMENTS = YES;
				CLANG_WARN_EMPTY_BODY = YES;
				CLANG_WARN_ENUM_CONVERSION = YES;
				CLANG_WARN_INFINITE_RECURSION = YES;
				CLANG_WARN_INT_CONVERSION = YES;
				CLANG_WARN_NON_LITERAL_NULL_CONVERSION = YES;
				CLANG_WARN_OBJC_IMPLICIT_RETAIN_SELF = YES;
				CLANG_WARN_OBJC_LITERAL_CONVERSION = YES;
				CLANG_WARN_OBJC_ROOT_CLASS = YES_ERROR;
				CLANG_WARN_QUOTED_INCLUDE_IN_FRAMEWORK_HEADER = YES;
				CLANG_WARN_RANGE_LOOP_ANALYSIS = YES;
				CLANG_WARN_STRICT_PROTOTYPES = YES;
				CLANG_WARN_SUSPICIOUS_MOVE = YES;
				CLANG_WARN_UNGUARDED_AVAILABILITY = YES_AGGRESSIVE;
				CLANG_WARN_UNREACHABLE_CODE = YES;
				CLANG_WARN__DUPLICATE_METHOD_MATCH = YES;
				COPY_PHASE_STRIP = NO;
				DEBUG_INFORMATION_FORMAT = dwarf;
				ENABLE_STRICT_OBJC_MSGSEND = YES;
				ENABLE_TESTABILITY = YES;
				GCC_C_LANGUAGE_STANDARD = gnu11;
				GCC_DYNAMIC_NO_PIC = NO;
				GCC_NO_COMMON_BLOCKS = YES;
				GCC_OPTIMIZATION_LEVEL = 0;
				GCC_PREPROCESSOR_DEFINITIONS = (
					"DEBUG=1",
					"$(inherited)",
				);
				GCC_WARN_64_TO_32_BIT_CONVERSION = YES;
				GCC_WARN_ABOUT_RETURN_TYPE = YES_ERROR;
				GCC_WARN_UNDECLARED_SELECTOR = YES;
				GCC_WARN_UNINITIALIZED_AUTOS = YES_AGGRESSIVE;
				GCC_WARN_UNUSED_FUNCTION = YES;
				GCC_WARN_UNUSED_VARIABLE = YES;
				IPHONEOS_DEPLOYMENT_TARGET = 11.0;
				MTL_ENABLE_DEBUG_INFO = INCLUDE_SOURCE;
				MTL_FAST_MATH = YES;
				ONLY_ACTIVE_ARCH = YES;
				SDKROOT = iphoneos;
				SWIFT_ACTIVE_COMPILATION_CONDITIONS = DEBUG;
				SWIFT_OPTIMIZATION_LEVEL = "-Onone";
			};
			name = Debug;
		};
		E4C6272525C1E0D0007EB745 /* Release */ = {
			isa = XCBuildConfiguration;
			buildSettings = {
				ALWAYS_SEARCH_USER_PATHS = NO;
				CLANG_ANALYZER_NONNULL = YES;
				CLANG_ANALYZER_NUMBER_OBJECT_CONVERSION = YES_AGGRESSIVE;
				CLANG_CXX_LANGUAGE_STANDARD = "gnu++14";
				CLANG_CXX_LIBRARY = "libc++";
				CLANG_ENABLE_MODULES = YES;
				CLANG_ENABLE_OBJC_ARC = YES;
				CLANG_ENABLE_OBJC_WEAK = YES;
				CLANG_WARN_BLOCK_CAPTURE_AUTORELEASING = YES;
				CLANG_WARN_BOOL_CONVERSION = YES;
				CLANG_WARN_COMMA = YES;
				CLANG_WARN_CONSTANT_CONVERSION = YES;
				CLANG_WARN_DEPRECATED_OBJC_IMPLEMENTATIONS = YES;
				CLANG_WARN_DIRECT_OBJC_ISA_USAGE = YES_ERROR;
				CLANG_WARN_DOCUMENTATION_COMMENTS = YES;
				CLANG_WARN_EMPTY_BODY = YES;
				CLANG_WARN_ENUM_CONVERSION = YES;
				CLANG_WARN_INFINITE_RECURSION = YES;
				CLANG_WARN_INT_CONVERSION = YES;
				CLANG_WARN_NON_LITERAL_NULL_CONVERSION = YES;
				CLANG_WARN_OBJC_IMPLICIT_RETAIN_SELF = YES;
				CLANG_WARN_OBJC_LITERAL_CONVERSION = YES;
				CLANG_WARN_OBJC_ROOT_CLASS = YES_ERROR;
				CLANG_WARN_QUOTED_INCLUDE_IN_FRAMEWORK_HEADER = YES;
				CLANG_WARN_RANGE_LOOP_ANALYSIS = YES;
				CLANG_WARN_STRICT_PROTOTYPES = YES;
				CLANG_WARN_SUSPICIOUS_MOVE = YES;
				CLANG_WARN_UNGUARDED_AVAILABILITY = YES_AGGRESSIVE;
				CLANG_WARN_UNREACHABLE_CODE = YES;
				CLANG_WARN__DUPLICATE_METHOD_MATCH = YES;
				COPY_PHASE_STRIP = NO;
				DEBUG_INFORMATION_FORMAT = "dwarf-with-dsym";
				ENABLE_NS_ASSERTIONS = NO;
				ENABLE_STRICT_OBJC_MSGSEND = YES;
				GCC_C_LANGUAGE_STANDARD = gnu11;
				GCC_NO_COMMON_BLOCKS = YES;
				GCC_WARN_64_TO_32_BIT_CONVERSION = YES;
				GCC_WARN_ABOUT_RETURN_TYPE = YES_ERROR;
				GCC_WARN_UNDECLARED_SELECTOR = YES;
				GCC_WARN_UNINITIALIZED_AUTOS = YES_AGGRESSIVE;
				GCC_WARN_UNUSED_FUNCTION = YES;
				GCC_WARN_UNUSED_VARIABLE = YES;
				IPHONEOS_DEPLOYMENT_TARGET = 11.0;
				MTL_ENABLE_DEBUG_INFO = NO;
				MTL_FAST_MATH = YES;
				SDKROOT = iphoneos;
				SWIFT_COMPILATION_MODE = wholemodule;
				SWIFT_OPTIMIZATION_LEVEL = "-O";
				VALIDATE_PRODUCT = YES;
			};
			name = Release;
		};
		E4C6272725C1E0D0007EB745 /* Debug */ = {
			isa = XCBuildConfiguration;
			baseConfigurationReference = 1A9358625A4034997C4C97F0 /* Pods-goarena-poc.debug.xcconfig */;
			buildSettings = {
				ASSETCATALOG_COMPILER_APPICON_NAME = AppIcon;
				ASSETCATALOG_COMPILER_GLOBAL_ACCENT_COLOR_NAME = AccentColor;
				CODE_SIGN_STYLE = Automatic;
				DEVELOPMENT_TEAM = ZQ62XS8WXR;
				INFOPLIST_FILE = "goarena-poc/Info.plist";
				LD_RUNPATH_SEARCH_PATHS = (
					"$(inherited)",
					"@executable_path/Frameworks",
				);
				MARKETING_VERSION = 0.1;
				PRODUCT_BUNDLE_IDENTIFIER = io.codefirst.goarenapoc;
				PRODUCT_NAME = "$(TARGET_NAME)";
				SWIFT_VERSION = 5.0;
				TARGETED_DEVICE_FAMILY = 1;
			};
			name = Debug;
		};
		E4C6272825C1E0D0007EB745 /* Release */ = {
			isa = XCBuildConfiguration;
			baseConfigurationReference = 498A150049AD19D0014F2552 /* Pods-goarena-poc.release.xcconfig */;
			buildSettings = {
				ASSETCATALOG_COMPILER_APPICON_NAME = AppIcon;
				ASSETCATALOG_COMPILER_GLOBAL_ACCENT_COLOR_NAME = AccentColor;
				CODE_SIGN_STYLE = Automatic;
				DEVELOPMENT_TEAM = ZQ62XS8WXR;
				INFOPLIST_FILE = "goarena-poc/Info.plist";
				LD_RUNPATH_SEARCH_PATHS = (
					"$(inherited)",
					"@executable_path/Frameworks",
				);
				MARKETING_VERSION = 0.1;
				PRODUCT_BUNDLE_IDENTIFIER = io.codefirst.goarenapoc;
				PRODUCT_NAME = "$(TARGET_NAME)";
				SWIFT_VERSION = 5.0;
				TARGETED_DEVICE_FAMILY = 1;
			};
			name = Release;
		};
/* End XCBuildConfiguration section */

/* Begin XCConfigurationList section */
		E4C6270D25C1E0D0007EB745 /* Build configuration list for PBXProject "goarena-poc" */ = {
			isa = XCConfigurationList;
			buildConfigurations = (
				E4C6272425C1E0D0007EB745 /* Debug */,
				E4C6272525C1E0D0007EB745 /* Release */,
			);
			defaultConfigurationIsVisible = 0;
			defaultConfigurationName = Release;
		};
		E4C6272625C1E0D0007EB745 /* Build configuration list for PBXNativeTarget "goarena-poc" */ = {
			isa = XCConfigurationList;
			buildConfigurations = (
				E4C6272725C1E0D0007EB745 /* Debug */,
				E4C6272825C1E0D0007EB745 /* Release */,
			);
			defaultConfigurationIsVisible = 0;
			defaultConfigurationName = Release;
		};
/* End XCConfigurationList section */
	};
	rootObject = E4C6270A25C1E0D0007EB745 /* Project object */;
}
